
Microsoft Visual Studio Solution File, Format Version 12.00
# Visual Studio Version 17
VisualStudioVersion = 17.8.34330.188
MinimumVisualStudioVersion = 10.0.40219.1
Project("{9A19103F-16F7-4668-BE54-9A1E7A4F7556}") = "bookmark-landing-page", "bookmark-landing-page.csproj", "{BA0499CA-9635-4BCF-9EB1-4D6E20DDCAD2}"
EndProject
Global
	GlobalSection(SolutionConfigurationPlatforms) = preSolution
		Debug|Any CPU = Debug|Any CPU
		Release|Any CPU = Release|Any CPU
	EndGlobalSection
	GlobalSection(ProjectConfigurationPlatforms) = postSolution
		{BA0499CA-9635-4BCF-9EB1-4D6E20DDCAD2}.Debug|Any CPU.ActiveCfg = Debug|Any CPU
		{BA0499CA-9635-4BCF-9EB1-4D6E20DDCAD2}.Debug|Any CPU.Build.0 = Debug|Any CPU
		{BA0499CA-9635-4BCF-9EB1-4D6E20DDCAD2}.Release|Any CPU.ActiveCfg = Release|Any CPU
		{BA0499CA-9635-4BCF-9EB1-4D6E20DDCAD2}.Release|Any CPU.Build.0 = Release|Any CPU
	EndGlobalSection
	GlobalSection(SolutionProperties) = preSolution
		HideSolutionNode = FALSE
	EndGlobalSection
	GlobalSection(ExtensibilityGlobals) = postSolution
		SolutionGuid = {237F0D42-EFFB-4F42-9B1F-CB7EE9785851}
	EndGlobalSection
EndGlobal
